{
  "name": "tf-blazeface",
  "version": "1.0.0",
  "lockfileVersion": 1,
  "requires": true,
  "dependencies": {
    "@tensorflow-models/blazeface": {
      "version": "0.0.7",
      "resolved": "https://registry.npmjs.org/@tensorflow-models/blazeface/-/blazeface-0.0.7.tgz",
      "integrity": "sha512-+hInPkvHJoubfiXlmNuF3SCucZvU6W1PMC25IV99NSAftJUpKvLokfF93iX8UkOFQCXkPFbnLKacGfGlbjgvMw=="
    },
    "@tensorflow-models/posenet": {
      "version": "2.2.2",
      "resolved": "https://registry.npmjs.org/@tensorflow-models/posenet/-/posenet-2.2.2.tgz",
      "integrity": "sha512-0SXIksRet/IdX7WVH+JSD6W3upkGHix1hwtd3xykIoIMGR7zQ4SC5+wZcNt9ofASyxNYQoI+tUULUo4LNw0c3w=="
    },
    "@tensorflow/tfjs-backend-cpu": {
      "version": "3.9.0",
      "resolved": "https://registry.npmjs.org/@tensorflow/tfjs-backend-cpu/-/tfjs-backend-cpu-3.9.0.tgz",
      "integrity": "sha512-PUv5B3wdQsA8cysk+oUhA0NqMoo/lwP8EazC/axQc8/72Dc6kU8uw/5qZtE5P4xXSqkNSlh2ifFm+8nH/6B+iA==",
      "requires": {
        "@types/seedrandom": "2.4.27",
        "seedrandom": "2.4.3"
      }
    },
    "@tensorflow/tfjs-backend-wasm": {
      "version": "3.9.0",
      "resolved": "https://registry.npmjs.org/@tensorflow/tfjs-backend-wasm/-/tfjs-backend-wasm-3.9.0.tgz",
      "integrity": "sha512-UuEkB4t3pSMe8dHYJ2GzPGnoeqmOJZ1UFCjeR1j7xEyUi7Px5G/qeW0B8xaQ88dxPqw0Cd8YSq/2e9P7oWSoCQ==",
      "requires": {
        "@tensorflow/tfjs-backend-cpu": "3.9.0",
        "@types/emscripten": "~0.0.34"
      },
      "dependencies": {
        "@tensorflow/tfjs-backend-cpu": {
          "version": "3.9.0",
          "resolved": "https://registry.npmjs.org/@tensorflow/tfjs-backend-cpu/-/tfjs-backend-cpu-3.9.0.tgz",
          "integrity": "sha512-PUv5B3wdQsA8cysk+oUhA0NqMoo/lwP8EazC/axQc8/72Dc6kU8uw/5qZtE5P4xXSqkNSlh2ifFm+8nH/6B+iA==",
          "requires": {
            "@types/seedrandom": "2.4.27",
            "seedrandom": "2.4.3"
          }
        }
      }
    },
    "@tensorflow/tfjs-backend-webgl": {
      "version": "3.5.0",
      "resolved": "https://registry.npmjs.org/@tensorflow/tfjs-backend-webgl/-/tfjs-backend-webgl-3.5.0.tgz",
      "integrity": "sha512-zeuOmfi0wbrZwjUp6M4hsctQvUuQVmO18A8V68xp+u6QC4jp3P5hNdjF7iOiMW/3iNVylYht8MbHYjQLyJAQdw==",
      "requires": {
        "@tensorflow/tfjs-backend-cpu": "3.5.0",
        "@types/offscreencanvas": "~2019.3.0",
        "@types/seedrandom": "2.4.27",
        "@types/webgl-ext": "0.0.30",
        "@types/webgl2": "0.0.5",
        "seedrandom": "2.4.3"
      },
      "dependencies": {
        "@tensorflow/tfjs-backend-cpu": {
          "version": "3.5.0",
          "resolved": "https://registry.npmjs.org/@tensorflow/tfjs-backend-cpu/-/tfjs-backend-cpu-3.5.0.tgz",
          "integrity": "sha512-aFSbjVLBKV0OpvE4QGSpIvtxhxpqyz09WhnuMZMhxjxCrjrPYbX7gEjXIHvgF8dEs6SX19XUaChgIftyKd2YIQ==",
          "requires": {
            "@types/seedrandom": "2.4.27",
            "seedrandom": "2.4.3"
          }
        }
      }
    },
    "@tensorflow/tfjs-converter": {
      "version": "3.5.0",
      "resolved": "https://registry.npmjs.org/@tensorflow/tfjs-converter/-/tfjs-converter-3.5.0.tgz",
      "integrity": "sha512-eAx1nEaREzPfcIOnyp1PUvQdjob9MtCJM/syh4v05FBV7UrUNpxNMliA4JgjiFvdnhrM4e06/CeqMA8/AVw2wg=="
    },
    "@tensorflow/tfjs-core": {
      "version": "3.5.0",
      "resolved": "https://registry.npmjs.org/@tensorflow/tfjs-core/-/tfjs-core-3.5.0.tgz",
      "integrity": "sha512-NOs9hY9nj/iPaz2cSrWpq8G07i96/ot+1l1RoBoA1s1cZakb43pLhntm1Mj4vhSxp7dbc/BSs+t6/S+45OZTUA==",
      "requires": {
        "@types/offscreencanvas": "~2019.3.0",
        "@types/seedrandom": "2.4.27",
        "@types/webgl-ext": "0.0.30",
        "node-fetch": "~2.6.1",
        "seedrandom": "2.4.3"
      }
    },
    "@types/emscripten": {
      "version": "0.0.34",
      "resolved": "https://registry.npmjs.org/@types/emscripten/-/emscripten-0.0.34.tgz",
      "integrity": "sha512-QSb9ojDincskc+uKMI0KXp8e1NALFINCrMlp8VGKGcTSxeEyRTTKyjWw75NYrCZHUsVEEEpr1tYHpbtaC++/sQ=="
    },
    "@types/offscreencanvas": {
      "version": "2019.3.0",
      "resolved": "https://registry.npmjs.org/@types/offscreencanvas/-/offscreencanvas-2019.3.0.tgz",
      "integrity": "sha512-esIJx9bQg+QYF0ra8GnvfianIY8qWB0GBx54PK5Eps6m+xTj86KLavHv6qDhzKcu5UUOgNfJ2pWaIIV7TRUd9Q=="
    },
    "@types/seedrandom": {
      "version": "2.4.27",
      "resolved": "https://registry.npmjs.org/@types/seedrandom/-/seedrandom-2.4.27.tgz",
      "integrity": "sha1-nbVjk33YaRX2kJK8QyWdL0hXjkE="
    },
    "@types/webgl-ext": {
      "version": "0.0.30",
      "resolved": "https://registry.npmjs.org/@types/webgl-ext/-/webgl-ext-0.0.30.tgz",
      "integrity": "sha512-LKVgNmBxN0BbljJrVUwkxwRYqzsAEPcZOe6S2T6ZaBDIrFp0qu4FNlpc5sM1tGbXUYFgdVQIoeLk1Y1UoblyEg=="
    },
    "@types/webgl2": {
      "version": "0.0.5",
      "resolved": "https://registry.npmjs.org/@types/webgl2/-/webgl2-0.0.5.tgz",
      "integrity": "sha512-oGaKsBbxQOY5+aJFV3KECDhGaXt+yZJt2y/OZsnQGLRkH6Fvr7rv4pCt3SRH1somIHfej/c4u7NSpCyd9x+1Ow=="
    },
    "fetch-wechat": {
      "version": "0.0.3",
      "resolved": "https://registry.npmjs.org/fetch-wechat/-/fetch-wechat-0.0.3.tgz",
      "integrity": "sha512-uEvCnHSaM53AjYmtiU8n7dB3RO4JX4RBxF3lXNf+cBHr5NRclmTAr5XiRtLL2lSdBcRwvLixhnjwCRJhyEKZgQ=="
    },
    "node-fetch": {
      "version": "2.6.2",
      "resolved": "https://registry.npmjs.org/node-fetch/-/node-fetch-2.6.2.tgz",
      "integrity": "sha512-aLoxToI6RfZ+0NOjmWAgn9+LEd30YCkJKFSyWacNZdEKTit/ZMcKjGkTRo8uWEsnIb/hfKecNPEbln02PdWbcA=="
    },
    "seedrandom": {
      "version": "2.4.3",
      "resolved": "https://registry.npmjs.org/seedrandom/-/seedrandom-2.4.3.tgz",
      "integrity": "sha1-JDhQTa0zkXMUv/GKxNeU8W1qrsw="
    }
  }
}
